
Microsoft Visual Studio Solution File, Format Version 12.00
# Visual Studio Version 16
VisualStudioVersion = 16.0.30717.126
MinimumVisualStudioVersion = 10.0.40219.1
Project("{FAE04EC0-301F-11D3-BF4B-00C04F79EFBC}") = "TankGame-MapEditor", "TankGame-MapEditor\TankGame-MapEditor.csproj", "{13C9BF6B-6012-4FB5-925F-33ECA1885915}"
EndProject
Global
	GlobalSection(SolutionConfigurationPlatforms) = preSolution
		Debug|Any CPU = Debug|Any CPU
		Release|Any CPU = Release|Any CPU
	EndGlobalSection
	GlobalSection(ProjectConfigurationPlatforms) = postSolution
		{13C9BF6B-6012-4FB5-925F-33ECA1885915}.Debug|Any CPU.ActiveCfg = Debug|Any CPU
		{13C9BF6B-6012-4FB5-925F-33ECA1885915}.Debug|Any CPU.Build.0 = Debug|Any CPU
		{13C9BF6B-6012-4FB5-925F-33ECA1885915}.Release|Any CPU.ActiveCfg = Release|Any CPU
		{13C9BF6B-6012-4FB5-925F-33ECA1885915}.Release|Any CPU.Build.0 = Release|Any CPU
	EndGlobalSection
	GlobalSection(SolutionProperties) = preSolution
		HideSolutionNode = FALSE
	EndGlobalSection
	GlobalSection(ExtensibilityGlobals) = postSolution
		SolutionGuid = {1173C4ED-9AD8-4E9C-B406-1865993EBED2}
	EndGlobalSection
EndGlobal
